PODS:
  - MusicTheorySwift (1.1.0)

DEPENDENCIES:
  - MusicTheorySwift

SPEC REPOS:
  https://github.com/cocoapods/specs.git:
    - MusicTheorySwift

SPEC CHECKSUMS:
  MusicTheorySwift: 555d61fc174c36c7cb1a41cf20b54628ba6b3e32

PODFILE CHECKSUM: 03d212aa233ac88c39328afdcd41dfdfb8a0914e

COCOAPODS: 1.6.0.beta.2
