PODS:
  - ALKit (0.6)
  - DirectedPinchGestureRecognizer (1.0.0)
  - MIDIEventKit (0.0.2)
  - MusicTheorySwift (1.1.0)

DEPENDENCIES:
  - ALKit
  - DirectedPinchGestureRecognizer
  - MIDIEventKit
  - MusicTheorySwift

SPEC REPOS:
  https://github.com/cocoapods/specs.git:
    - ALKit
    - DirectedPinchGestureRecognizer
    - MIDIEventKit
    - MusicTheorySwift

SPEC CHECKSUMS:
  ALKit: a89d4a258095382fbd830423c688beb971c4af62
  DirectedPinchGestureRecognizer: ca1466bc6e9cba73e9b1411fa291ade9f1595725
  MIDIEventKit: 079f8a6b67cd9f46f4513fa86d79cdb3c490b3f3
  MusicTheorySwift: 555d61fc174c36c7cb1a41cf20b54628ba6b3e32

PODFILE CHECKSUM: 2256e9803541fcc7b2fed1d246ab6ed08bc1408c

COCOAPODS: 1.6.0.beta.2
